
Microsoft Visual Studio Solution File, Format Version 12.00
# Visual Studio Version 17
VisualStudioVersion = 17.8.34330.188
MinimumVisualStudioVersion = 10.0.40219.1
Project("{9A19103F-16F7-4668-BE54-9A1E7A4F7556}") = "GolfHandicap", "GolfHandicap\GolfHandicap.csproj", "{AA69FA60-EDA7-4B47-A276-D364E6A88017}"
EndProject
Project("{FAE04EC0-301F-11D3-BF4B-00C04F79EFBC}") = "GolfHandicap.Tests", "GolfHandicap.Tests\GolfHandicap.Tests.csproj", "{27443966-6DDE-44A2-9590-DD7DE7068924}"
EndProject
Global
	GlobalSection(SolutionConfigurationPlatforms) = preSolution
		Debug|Any CPU = Debug|Any CPU
		Release|Any CPU = Release|Any CPU
	EndGlobalSection
	GlobalSection(ProjectConfigurationPlatforms) = postSolution
		{AA69FA60-EDA7-4B47-A276-D364E6A88017}.Debug|Any CPU.ActiveCfg = Debug|Any CPU
		{AA69FA60-EDA7-4B47-A276-D364E6A88017}.Debug|Any CPU.Build.0 = Debug|Any CPU
		{AA69FA60-EDA7-4B47-A276-D364E6A88017}.Release|Any CPU.ActiveCfg = Release|Any CPU
		{AA69FA60-EDA7-4B47-A276-D364E6A88017}.Release|Any CPU.Build.0 = Release|Any CPU
		{27443966-6DDE-44A2-9590-DD7DE7068924}.Debug|Any CPU.ActiveCfg = Debug|Any CPU
		{27443966-6DDE-44A2-9590-DD7DE7068924}.Debug|Any CPU.Build.0 = Debug|Any CPU
		{27443966-6DDE-44A2-9590-DD7DE7068924}.Release|Any CPU.ActiveCfg = Release|Any CPU
		{27443966-6DDE-44A2-9590-DD7DE7068924}.Release|Any CPU.Build.0 = Release|Any CPU
	EndGlobalSection
	GlobalSection(SolutionProperties) = preSolution
		HideSolutionNode = FALSE
	EndGlobalSection
	GlobalSection(ExtensibilityGlobals) = postSolution
		SolutionGuid = {7F71B2D2-7C61-4A99-BF5E-7EDA6827A382}
	EndGlobalSection
EndGlobal
